// !$*UTF8*$!
{
	archiveVersion = 1;
	classes = {
	};
	objectVersion = 50;
	objects = {

/* Begin PBXBuildFile section */
		3A17A5F321E61907000D6672 /* ZambTableViewController.swift in Sources */ = {isa = PBXBuildFile; fileRef = 3AEEB3CD21CD156500C7C9E3 /* ZambTableViewController.swift */; };
		3A18AA9521E79340007C99D8 /* Charts.framework in Frameworks */ = {isa = PBXBuildFile; fileRef = 3A18AA9421E79340007C99D8 /* Charts.framework */; };
		3A18AA9721E793BD007C99D8 /* Pods_iZambomba.framework in Frameworks */ = {isa = PBXBuildFile; fileRef = 3A18AA9621E793BD007C99D8 /* Pods_iZambomba.framework */; };
		3A712DF121CD36EB00CBE815 /* AppDelegate.swift in Sources */ = {isa = PBXBuildFile; fileRef = 3A712DF021CD36EB00CBE815 /* AppDelegate.swift */; };
		3AB389E221D4F6BB000D1C4F /* PageViewController.swift in Sources */ = {isa = PBXBuildFile; fileRef = 3AB389E121D4F6BB000D1C4F /* PageViewController.swift */; };
		3AD034C821E61F3900819003 /* Lato-Bold.ttf in Resources */ = {isa = PBXBuildFile; fileRef = 3AD034C421E61F3800819003 /* Lato-Bold.ttf */; };
		3AD034C921E61F3900819003 /* Lato-Bold.ttf in Resources */ = {isa = PBXBuildFile; fileRef = 3AD034C421E61F3800819003 /* Lato-Bold.ttf */; };
		3AD034CA21E61F3900819003 /* Lato-Black.ttf in Resources */ = {isa = PBXBuildFile; fileRef = 3AD034C521E61F3900819003 /* Lato-Black.ttf */; };
		3AD034CB21E61F3900819003 /* Lato-Black.ttf in Resources */ = {isa = PBXBuildFile; fileRef = 3AD034C521E61F3900819003 /* Lato-Black.ttf */; };
		3AD034CC21E61F3900819003 /* Lato-Light.ttf in Resources */ = {isa = PBXBuildFile; fileRef = 3AD034C621E61F3900819003 /* Lato-Light.ttf */; };
		3AD034CD21E61F3900819003 /* Lato-Light.ttf in Resources */ = {isa = PBXBuildFile; fileRef = 3AD034C621E61F3900819003 /* Lato-Light.ttf */; };
		3AD034CE21E61F3900819003 /* Lato-Regular.ttf in Resources */ = {isa = PBXBuildFile; fileRef = 3AD034C721E61F3900819003 /* Lato-Regular.ttf */; };
		3AD034CF21E61F3900819003 /* Lato-Regular.ttf in Resources */ = {isa = PBXBuildFile; fileRef = 3AD034C721E61F3900819003 /* Lato-Regular.ttf */; };
		3AEEB39121CD150300C7C9E3 /* Main.storyboard in Resources */ = {isa = PBXBuildFile; fileRef = 3AEEB38F21CD150300C7C9E3 /* Main.storyboard */; };
		3AEEB39321CD150300C7C9E3 /* Assets.xcassets in Resources */ = {isa = PBXBuildFile; fileRef = 3AEEB39221CD150300C7C9E3 /* Assets.xcassets */; };
		3AEEB39621CD150300C7C9E3 /* LaunchScreen.storyboard in Resources */ = {isa = PBXBuildFile; fileRef = 3AEEB39421CD150300C7C9E3 /* LaunchScreen.storyboard */; };
		3AEEB39B21CD150300C7C9E3 /* iZambomba WatchKit App.app in Embed Watch Content */ = {isa = PBXBuildFile; fileRef = 3AEEB39A21CD150300C7C9E3 /* iZambomba WatchKit App.app */; };
		3AEEB3A121CD150300C7C9E3 /* Interface.storyboard in Resources */ = {isa = PBXBuildFile; fileRef = 3AEEB39F21CD150300C7C9E3 /* Interface.storyboard */; };
		3AEEB3A321CD150400C7C9E3 /* Assets.xcassets in Resources */ = {isa = PBXBuildFile; fileRef = 3AEEB3A221CD150400C7C9E3 /* Assets.xcassets */; };
		3AEEB3AA21CD150400C7C9E3 /* iZambomba WatchKit Extension.appex in Embed App Extensions */ = {isa = PBXBuildFile; fileRef = 3AEEB3A921CD150400C7C9E3 /* iZambomba WatchKit Extension.appex */; settings = {ATTRIBUTES = (RemoveHeadersOnCopy, ); }; };
		3AEEB3B121CD150400C7C9E3 /* ExtensionDelegate.swift in Sources */ = {isa = PBXBuildFile; fileRef = 3AEEB3B021CD150400C7C9E3 /* ExtensionDelegate.swift */; };
		3AEEB3B321CD150400C7C9E3 /* NotificationController.swift in Sources */ = {isa = PBXBuildFile; fileRef = 3AEEB3B221CD150400C7C9E3 /* NotificationController.swift */; };
		3AEEB3B521CD150500C7C9E3 /* Assets.xcassets in Resources */ = {isa = PBXBuildFile; fileRef = 3AEEB3B421CD150500C7C9E3 /* Assets.xcassets */; };
		3AEEB3CE21CD156500C7C9E3 /* Zamb.swift in Sources */ = {isa = PBXBuildFile; fileRef = 3AEEB3C721CD156500C7C9E3 /* Zamb.swift */; };
		3AEEB3CF21CD156500C7C9E3 /* NewZambViewController.swift in Sources */ = {isa = PBXBuildFile; fileRef = 3AEEB3C821CD156500C7C9E3 /* NewZambViewController.swift */; };
		3AEEB3D021CD156500C7C9E3 /* ZambViewController.swift in Sources */ = {isa = PBXBuildFile; fileRef = 3AEEB3C921CD156500C7C9E3 /* ZambViewController.swift */; };
		3AEEB3D121CD156500C7C9E3 /* MotionManager.swift in Sources */ = {isa = PBXBuildFile; fileRef = 3AEEB3CA21CD156500C7C9E3 /* MotionManager.swift */; };
		3AEEB3D221CD156500C7C9E3 /* ZambTableViewCell.swift in Sources */ = {isa = PBXBuildFile; fileRef = 3AEEB3CB21CD156500C7C9E3 /* ZambTableViewCell.swift */; };
		3AEEB3D321CD156500C7C9E3 /* WorkoutManager.swift in Sources */ = {isa = PBXBuildFile; fileRef = 3AEEB3CC21CD156500C7C9E3 /* WorkoutManager.swift */; };
		3AEEB3D521CD156800C7C9E3 /* Zamb.swift in Sources */ = {isa = PBXBuildFile; fileRef = 3AEEB3C721CD156500C7C9E3 /* Zamb.swift */; };
		3AEEB3D621CD157F00C7C9E3 /* WorkoutManager.swift in Sources */ = {isa = PBXBuildFile; fileRef = 3AEEB3CC21CD156500C7C9E3 /* WorkoutManager.swift */; };
		3AEEB3D721CD158200C7C9E3 /* MotionManager.swift in Sources */ = {isa = PBXBuildFile; fileRef = 3AEEB3CA21CD156500C7C9E3 /* MotionManager.swift */; };
		3AEEB3DC21CD162500C7C9E3 /* WKZambListInterfaceController.swift in Sources */ = {isa = PBXBuildFile; fileRef = 3AEEB3D821CD162500C7C9E3 /* WKZambListInterfaceController.swift */; };
		3AEEB3DD21CD162500C7C9E3 /* WKZambRowController.swift in Sources */ = {isa = PBXBuildFile; fileRef = 3AEEB3D921CD162500C7C9E3 /* WKZambRowController.swift */; };
		3AEEB3DE21CD162500C7C9E3 /* InterfaceController.swift in Sources */ = {isa = PBXBuildFile; fileRef = 3AEEB3DA21CD162500C7C9E3 /* InterfaceController.swift */; };
		3AEEB3DF21CD162500C7C9E3 /* FirstInterfaceController.swift in Sources */ = {isa = PBXBuildFile; fileRef = 3AEEB3DB21CD162500C7C9E3 /* FirstInterfaceController.swift */; };
		3AEEB3E321CD174F00C7C9E3 /* HealthKit.framework in Frameworks */ = {isa = PBXBuildFile; fileRef = 3AEEB3E221CD174F00C7C9E3 /* HealthKit.framework */; };
		3AEEB3E621CD28D800C7C9E3 /* HealthKit.framework in Frameworks */ = {isa = PBXBuildFile; fileRef = 3AEEB3E521CD28D800C7C9E3 /* HealthKit.framework */; };
		4AC9BA50D7BDF1052867594B /* Pods_iZambomba_WatchKit_Extension.framework in Frameworks */ = {isa = PBXBuildFile; fileRef = 0213E02F05FFFA6D6743F5B5 /* Pods_iZambomba_WatchKit_Extension.framework */; };
		63ED6BB597CA015E57B08C9F /* Pods_iZambomba_WatchKit_App.framework in Frameworks */ = {isa = PBXBuildFile; fileRef = 98FF27488A343A32FD30A350 /* Pods_iZambomba_WatchKit_App.framework */; };
/* End PBXBuildFile section */

/* Begin PBXContainerItemProxy section */
		3AEEB39C21CD150300C7C9E3 /* PBXContainerItemProxy */ = {
			isa = PBXContainerItemProxy;
			containerPortal = 3AEEB38021CD150200C7C9E3 /* Project object */;
			proxyType = 1;
			remoteGlobalIDString = 3AEEB39921CD150300C7C9E3;
			remoteInfo = "iZambomba WatchKit App";
		};
		3AEEB3AB21CD150400C7C9E3 /* PBXContainerItemProxy */ = {
			isa = PBXContainerItemProxy;
			containerPortal = 3AEEB38021CD150200C7C9E3 /* Project object */;
			proxyType = 1;
			remoteGlobalIDString = 3AEEB3A821CD150400C7C9E3;
			remoteInfo = "iZambomba WatchKit Extension";
		};
/* End PBXContainerItemProxy section */

/* Begin PBXCopyFilesBuildPhase section */
		3AEEB3BD21CD150500C7C9E3 /* Embed App Extensions */ = {
			isa = PBXCopyFilesBuildPhase;
			buildActionMask = 2147483647;
			dstPath = "";
			dstSubfolderSpec = 13;
			files = (
				3AEEB3AA21CD150400C7C9E3 /* iZambomba WatchKit Extension.appex in Embed App Extensions */,
			);
			name = "Embed App Extensions";
			runOnlyForDeploymentPostprocessing = 0;
		};
		3AEEB3C121CD150500C7C9E3 /* Embed Watch Content */ = {
			isa = PBXCopyFilesBuildPhase;
			buildActionMask = 2147483647;
			dstPath = "$(CONTENTS_FOLDER_PATH)/Watch";
			dstSubfolderSpec = 16;
			files = (
				3AEEB39B21CD150300C7C9E3 /* iZambomba WatchKit App.app in Embed Watch Content */,
			);
			name = "Embed Watch Content";
			runOnlyForDeploymentPostprocessing = 0;
		};
/* End PBXCopyFilesBuildPhase section */

/* Begin PBXFileReference section */
		0213E02F05FFFA6D6743F5B5 /* Pods_iZambomba_WatchKit_Extension.framework */ = {isa = PBXFileReference; explicitFileType = wrapper.framework; includeInIndex = 0; path = Pods_iZambomba_WatchKit_Extension.framework; sourceTree = BUILT_PRODUCTS_DIR; };
		05570EE5C7FF90D580FA41A2 /* Pods-iZambomba WatchKit App.debug.xcconfig */ = {isa = PBXFileReference; includeInIndex = 1; lastKnownFileType = text.xcconfig; name = "Pods-iZambomba WatchKit App.debug.xcconfig"; path = "Pods/Target Support Files/Pods-iZambomba WatchKit App/Pods-iZambomba WatchKit App.debug.xcconfig"; sourceTree = "<group>"; };
		0E8FBF2742DD394390061970 /* Pods-iZambomba.debug.xcconfig */ = {isa = PBXFileReference; includeInIndex = 1; lastKnownFileType = text.xcconfig; name = "Pods-iZambomba.debug.xcconfig"; path = "Pods/Target Support Files/Pods-iZambomba/Pods-iZambomba.debug.xcconfig"; sourceTree = "<group>"; };
		354D3F5D91E409E685F0302D /* Pods-iZambomba WatchKit Extension.debug.xcconfig */ = {isa = PBXFileReference; includeInIndex = 1; lastKnownFileType = text.xcconfig; name = "Pods-iZambomba WatchKit Extension.debug.xcconfig"; path = "Pods/Target Support Files/Pods-iZambomba WatchKit Extension/Pods-iZambomba WatchKit Extension.debug.xcconfig"; sourceTree = "<group>"; };
		3A18AA9421E79340007C99D8 /* Charts.framework */ = {isa = PBXFileReference; explicitFileType = wrapper.framework; path = Charts.framework; sourceTree = BUILT_PRODUCTS_DIR; };
		3A18AA9621E793BD007C99D8 /* Pods_iZambomba.framework */ = {isa = PBXFileReference; explicitFileType = wrapper.framework; path = Pods_iZambomba.framework; sourceTree = BUILT_PRODUCTS_DIR; };
		3A712DF021CD36EB00CBE815 /* AppDelegate.swift */ = {isa = PBXFileReference; fileEncoding = 4; lastKnownFileType = sourcecode.swift; path = AppDelegate.swift; sourceTree = "<group>"; };
		3AB389E121D4F6BB000D1C4F /* PageViewController.swift */ = {isa = PBXFileReference; lastKnownFileType = sourcecode.swift; path = PageViewController.swift; sourceTree = "<group>"; };
		3AD034C421E61F3800819003 /* Lato-Bold.ttf */ = {isa = PBXFileReference; lastKnownFileType = file; path = "Lato-Bold.ttf"; sourceTree = "<group>"; };
		3AD034C521E61F3900819003 /* Lato-Black.ttf */ = {isa = PBXFileReference; lastKnownFileType = file; path = "Lato-Black.ttf"; sourceTree = "<group>"; };
		3AD034C621E61F3900819003 /* Lato-Light.ttf */ = {isa = PBXFileReference; lastKnownFileType = file; path = "Lato-Light.ttf"; sourceTree = "<group>"; };
		3AD034C721E61F3900819003 /* Lato-Regular.ttf */ = {isa = PBXFileReference; lastKnownFileType = file; path = "Lato-Regular.ttf"; sourceTree = "<group>"; };
		3AEEB38821CD150300C7C9E3 /* iZambomba.app */ = {isa = PBXFileReference; explicitFileType = wrapper.application; includeInIndex = 0; path = iZambomba.app; sourceTree = BUILT_PRODUCTS_DIR; };
		3AEEB39021CD150300C7C9E3 /* Base */ = {isa = PBXFileReference; lastKnownFileType = file.storyboard; name = Base; path = Base.lproj/Main.storyboard; sourceTree = "<group>"; };
		3AEEB39221CD150300C7C9E3 /* Assets.xcassets */ = {isa = PBXFileReference; lastKnownFileType = folder.assetcatalog; path = Assets.xcassets; sourceTree = "<group>"; };
		3AEEB39521CD150300C7C9E3 /* Base */ = {isa = PBXFileReference; lastKnownFileType = file.storyboard; name = Base; path = Base.lproj/LaunchScreen.storyboard; sourceTree = "<group>"; };
		3AEEB39721CD150300C7C9E3 /* Info.plist */ = {isa = PBXFileReference; lastKnownFileType = text.plist.xml; path = Info.plist; sourceTree = "<group>"; };
		3AEEB39A21CD150300C7C9E3 /* iZambomba WatchKit App.app */ = {isa = PBXFileReference; explicitFileType = wrapper.application; includeInIndex = 0; path = "iZambomba WatchKit App.app"; sourceTree = BUILT_PRODUCTS_DIR; };
		3AEEB3A021CD150300C7C9E3 /* Base */ = {isa = PBXFileReference; lastKnownFileType = file.storyboard; name = Base; path = Base.lproj/Interface.storyboard; sourceTree = "<group>"; };
		3AEEB3A221CD150400C7C9E3 /* Assets.xcassets */ = {isa = PBXFileReference; lastKnownFileType = folder.assetcatalog; path = Assets.xcassets; sourceTree = "<group>"; };
		3AEEB3A421CD150400C7C9E3 /* Info.plist */ = {isa = PBXFileReference; lastKnownFileType = text.plist.xml; path = Info.plist; sourceTree = "<group>"; };
		3AEEB3A921CD150400C7C9E3 /* iZambomba WatchKit Extension.appex */ = {isa = PBXFileReference; explicitFileType = "wrapper.app-extension"; includeInIndex = 0; path = "iZambomba WatchKit Extension.appex"; sourceTree = BUILT_PRODUCTS_DIR; };
		3AEEB3B021CD150400C7C9E3 /* ExtensionDelegate.swift */ = {isa = PBXFileReference; lastKnownFileType = sourcecode.swift; path = ExtensionDelegate.swift; sourceTree = "<group>"; };
		3AEEB3B221CD150400C7C9E3 /* NotificationController.swift */ = {isa = PBXFileReference; lastKnownFileType = sourcecode.swift; path = NotificationController.swift; sourceTree = "<group>"; };
		3AEEB3B421CD150500C7C9E3 /* Assets.xcassets */ = {isa = PBXFileReference; lastKnownFileType = folder.assetcatalog; path = Assets.xcassets; sourceTree = "<group>"; };
		3AEEB3B621CD150500C7C9E3 /* Info.plist */ = {isa = PBXFileReference; lastKnownFileType = text.plist.xml; path = Info.plist; sourceTree = "<group>"; };
		3AEEB3B721CD150500C7C9E3 /* PushNotificationPayload.apns */ = {isa = PBXFileReference; lastKnownFileType = text; path = PushNotificationPayload.apns; sourceTree = "<group>"; };
		3AEEB3C721CD156500C7C9E3 /* Zamb.swift */ = {isa = PBXFileReference; fileEncoding = 4; lastKnownFileType = sourcecode.swift; path = Zamb.swift; sourceTree = "<group>"; };
		3AEEB3C821CD156500C7C9E3 /* NewZambViewController.swift */ = {isa = PBXFileReference; fileEncoding = 4; lastKnownFileType = sourcecode.swift; path = NewZambViewController.swift; sourceTree = "<group>"; };
		3AEEB3C921CD156500C7C9E3 /* ZambViewController.swift */ = {isa = PBXFileReference; fileEncoding = 4; lastKnownFileType = sourcecode.swift; path = ZambViewController.swift; sourceTree = "<group>"; };
		3AEEB3CA21CD156500C7C9E3 /* MotionManager.swift */ = {isa = PBXFileReference; fileEncoding = 4; lastKnownFileType = sourcecode.swift; path = MotionManager.swift; sourceTree = "<group>"; };
		3AEEB3CB21CD156500C7C9E3 /* ZambTableViewCell.swift */ = {isa = PBXFileReference; fileEncoding = 4; lastKnownFileType = sourcecode.swift; path = ZambTableViewCell.swift; sourceTree = "<group>"; };
		3AEEB3CC21CD156500C7C9E3 /* WorkoutManager.swift */ = {isa = PBXFileReference; fileEncoding = 4; lastKnownFileType = sourcecode.swift; path = WorkoutManager.swift; sourceTree = "<group>"; };
		3AEEB3CD21CD156500C7C9E3 /* ZambTableViewController.swift */ = {isa = PBXFileReference; fileEncoding = 4; lastKnownFileType = sourcecode.swift; path = ZambTableViewController.swift; sourceTree = "<group>"; };
		3AEEB3D821CD162500C7C9E3 /* WKZambListInterfaceController.swift */ = {isa = PBXFileReference; fileEncoding = 4; lastKnownFileType = sourcecode.swift; path = WKZambListInterfaceController.swift; sourceTree = "<group>"; };
		3AEEB3D921CD162500C7C9E3 /* WKZambRowController.swift */ = {isa = PBXFileReference; fileEncoding = 4; lastKnownFileType = sourcecode.swift; path = WKZambRowController.swift; sourceTree = "<group>"; };
		3AEEB3DA21CD162500C7C9E3 /* InterfaceController.swift */ = {isa = PBXFileReference; fileEncoding = 4; lastKnownFileType = sourcecode.swift; path = InterfaceController.swift; sourceTree = "<group>"; };
		3AEEB3DB21CD162500C7C9E3 /* FirstInterfaceController.swift */ = {isa = PBXFileReference; fileEncoding = 4; lastKnownFileType = sourcecode.swift; path = FirstInterfaceController.swift; sourceTree = "<group>"; };
		3AEEB3E021CD174F00C7C9E3 /* iZambomba.entitlements */ = {isa = PBXFileReference; lastKnownFileType = text.plist.entitlements; path = iZambomba.entitlements; sourceTree = "<group>"; };
		3AEEB3E221CD174F00C7C9E3 /* HealthKit.framework */ = {isa = PBXFileReference; lastKnownFileType = wrapper.framework; name = HealthKit.framework; path = System/Library/Frameworks/HealthKit.framework; sourceTree = SDKROOT; };
		3AEEB3E421CD28D200C7C9E3 /* iZambomba WatchKit Extension.entitlements */ = {isa = PBXFileReference; lastKnownFileType = text.plist.entitlements; path = "iZambomba WatchKit Extension.entitlements"; sourceTree = "<group>"; };
		3AEEB3E521CD28D800C7C9E3 /* HealthKit.framework */ = {isa = PBXFileReference; lastKnownFileType = wrapper.framework; name = HealthKit.framework; path = Platforms/WatchOS.platform/Developer/SDKs/WatchOS5.1.sdk/System/Library/Frameworks/HealthKit.framework; sourceTree = DEVELOPER_DIR; };
		3AEEB3E721CD28EB00C7C9E3 /* iZambomba WatchKit App.entitlements */ = {isa = PBXFileReference; lastKnownFileType = text.plist.entitlements; path = "iZambomba WatchKit App.entitlements"; sourceTree = "<group>"; };
		98FF27488A343A32FD30A350 /* Pods_iZambomba_WatchKit_App.framework */ = {isa = PBXFileReference; explicitFileType = wrapper.framework; includeInIndex = 0; path = Pods_iZambomba_WatchKit_App.framework; sourceTree = BUILT_PRODUCTS_DIR; };
		A0D667AA43D42881A16B9576 /* Pods-iZambomba.release.xcconfig */ = {isa = PBXFileReference; includeInIndex = 1; lastKnownFileType = text.xcconfig; name = "Pods-iZambomba.release.xcconfig"; path = "Pods/Target Support Files/Pods-iZambomba/Pods-iZambomba.release.xcconfig"; sourceTree = "<group>"; };
		C00EDAC236B613078B65424C /* Pods_iZambomba.framework */ = {isa = PBXFileReference; explicitFileType = wrapper.framework; includeInIndex = 0; path = Pods_iZambomba.framework; sourceTree = BUILT_PRODUCTS_DIR; };
		D8CCBFAC3577AF3E352B5A95 /* Pods-iZambomba WatchKit App.release.xcconfig */ = {isa = PBXFileReference; includeInIndex = 1; lastKnownFileType = text.xcconfig; name = "Pods-iZambomba WatchKit App.release.xcconfig"; path = "Pods/Target Support Files/Pods-iZambomba WatchKit App/Pods-iZambomba WatchKit App.release.xcconfig"; sourceTree = "<group>"; };
		DD8FDC696499AE598E564B30 /* Pods-iZambomba WatchKit Extension.release.xcconfig */ = {isa = PBXFileReference; includeInIndex = 1; lastKnownFileType = text.xcconfig; name = "Pods-iZambomba WatchKit Extension.release.xcconfig"; path = "Pods/Target Support Files/Pods-iZambomba WatchKit Extension/Pods-iZambomba WatchKit Extension.release.xcconfig"; sourceTree = "<group>"; };
/* End PBXFileReference section */

/* Begin PBXFrameworksBuildPhase section */
		3AEEB38521CD150300C7C9E3 /* Frameworks */ = {
			isa = PBXFrameworksBuildPhase;
			buildActionMask = 2147483647;
			files = (
				3A18AA9721E793BD007C99D8 /* Pods_iZambomba.framework in Frameworks */,
				3A18AA9521E79340007C99D8 /* Charts.framework in Frameworks */,
				3AEEB3E321CD174F00C7C9E3 /* HealthKit.framework in Frameworks */,
			);
			runOnlyForDeploymentPostprocessing = 0;
		};
		3AEEB3A621CD150400C7C9E3 /* Frameworks */ = {
			isa = PBXFrameworksBuildPhase;
			buildActionMask = 2147483647;
			files = (
				3AEEB3E621CD28D800C7C9E3 /* HealthKit.framework in Frameworks */,
				4AC9BA50D7BDF1052867594B /* Pods_iZambomba_WatchKit_Extension.framework in Frameworks */,
			);
			runOnlyForDeploymentPostprocessing = 0;
		};
		C90F87298CB8C47E9DF4BD8C /* Frameworks */ = {
			isa = PBXFrameworksBuildPhase;
			buildActionMask = 2147483647;
			files = (
				63ED6BB597CA015E57B08C9F /* Pods_iZambomba_WatchKit_App.framework in Frameworks */,
			);
			runOnlyForDeploymentPostprocessing = 0;
		};
/* End PBXFrameworksBuildPhase section */

/* Begin PBXGroup section */
		3AD034C321E61EFB00819003 /* Fonts */ = {
			isa = PBXGroup;
			children = (
				3AD034C521E61F3900819003 /* Lato-Black.ttf */,
				3AD034C421E61F3800819003 /* Lato-Bold.ttf */,
				3AD034C621E61F3900819003 /* Lato-Light.ttf */,
				3AD034C721E61F3900819003 /* Lato-Regular.ttf */,
			);
			path = Fonts;
			sourceTree = "<group>";
		};
		3AEEB37F21CD150200C7C9E3 = {
			isa = PBXGroup;
			children = (
				3AD034C321E61EFB00819003 /* Fonts */,
				3AEEB38A21CD150300C7C9E3 /* iZambomba */,
				3AEEB39E21CD150300C7C9E3 /* iZambomba WatchKit App */,
				3AEEB3AD21CD150400C7C9E3 /* iZambomba WatchKit Extension */,
				3AEEB38921CD150300C7C9E3 /* Products */,
				3AEEB3E121CD174F00C7C9E3 /* Frameworks */,
				4147B0224E37DCB6A42B219E /* Pods */,
			);
			sourceTree = "<group>";
		};
		3AEEB38921CD150300C7C9E3 /* Products */ = {
			isa = PBXGroup;
			children = (
				3AEEB38821CD150300C7C9E3 /* iZambomba.app */,
				3AEEB39A21CD150300C7C9E3 /* iZambomba WatchKit App.app */,
				3AEEB3A921CD150400C7C9E3 /* iZambomba WatchKit Extension.appex */,
			);
			name = Products;
			sourceTree = "<group>";
		};
		3AEEB38A21CD150300C7C9E3 /* iZambomba */ = {
			isa = PBXGroup;
			children = (
				3AEEB3E021CD174F00C7C9E3 /* iZambomba.entitlements */,
				3A712DF021CD36EB00CBE815 /* AppDelegate.swift */,
				3AEEB3CA21CD156500C7C9E3 /* MotionManager.swift */,
				3AEEB3CC21CD156500C7C9E3 /* WorkoutManager.swift */,
				3AEEB3C721CD156500C7C9E3 /* Zamb.swift */,
				3AEEB3C821CD156500C7C9E3 /* NewZambViewController.swift */,
				3AEEB3C921CD156500C7C9E3 /* ZambViewController.swift */,
				3AEEB3CB21CD156500C7C9E3 /* ZambTableViewCell.swift */,
				3AEEB3CD21CD156500C7C9E3 /* ZambTableViewController.swift */,
				3AB389E121D4F6BB000D1C4F /* PageViewController.swift */,
				3AEEB38F21CD150300C7C9E3 /* Main.storyboard */,
				3AEEB39221CD150300C7C9E3 /* Assets.xcassets */,
				3AEEB39421CD150300C7C9E3 /* LaunchScreen.storyboard */,
				3AEEB39721CD150300C7C9E3 /* Info.plist */,
			);
			path = iZambomba;
			sourceTree = "<group>";
		};
		3AEEB39E21CD150300C7C9E3 /* iZambomba WatchKit App */ = {
			isa = PBXGroup;
			children = (
				3AEEB3E721CD28EB00C7C9E3 /* iZambomba WatchKit App.entitlements */,
				3AEEB39F21CD150300C7C9E3 /* Interface.storyboard */,
				3AEEB3A221CD150400C7C9E3 /* Assets.xcassets */,
				3AEEB3A421CD150400C7C9E3 /* Info.plist */,
			);
			path = "iZambomba WatchKit App";
			sourceTree = "<group>";
		};
		3AEEB3AD21CD150400C7C9E3 /* iZambomba WatchKit Extension */ = {
			isa = PBXGroup;
			children = (
				3AEEB3E421CD28D200C7C9E3 /* iZambomba WatchKit Extension.entitlements */,
				3AEEB3DB21CD162500C7C9E3 /* FirstInterfaceController.swift */,
				3AEEB3DA21CD162500C7C9E3 /* InterfaceController.swift */,
				3AEEB3D821CD162500C7C9E3 /* WKZambListInterfaceController.swift */,
				3AEEB3D921CD162500C7C9E3 /* WKZambRowController.swift */,
				3AEEB3B021CD150400C7C9E3 /* ExtensionDelegate.swift */,
				3AEEB3B221CD150400C7C9E3 /* NotificationController.swift */,
				3AEEB3B421CD150500C7C9E3 /* Assets.xcassets */,
				3AEEB3B621CD150500C7C9E3 /* Info.plist */,
				3AEEB3B721CD150500C7C9E3 /* PushNotificationPayload.apns */,
			);
			path = "iZambomba WatchKit Extension";
			sourceTree = "<group>";
		};
		3AEEB3E121CD174F00C7C9E3 /* Frameworks */ = {
			isa = PBXGroup;
			children = (
				3A18AA9621E793BD007C99D8 /* Pods_iZambomba.framework */,
				3A18AA9421E79340007C99D8 /* Charts.framework */,
				3AEEB3E521CD28D800C7C9E3 /* HealthKit.framework */,
				3AEEB3E221CD174F00C7C9E3 /* HealthKit.framework */,
				C00EDAC236B613078B65424C /* Pods_iZambomba.framework */,
				98FF27488A343A32FD30A350 /* Pods_iZambomba_WatchKit_App.framework */,
				0213E02F05FFFA6D6743F5B5 /* Pods_iZambomba_WatchKit_Extension.framework */,
			);
			name = Frameworks;
			sourceTree = "<group>";
		};
		4147B0224E37DCB6A42B219E /* Pods */ = {
			isa = PBXGroup;
			children = (
				0E8FBF2742DD394390061970 /* Pods-iZambomba.debug.xcconfig */,
				A0D667AA43D42881A16B9576 /* Pods-iZambomba.release.xcconfig */,
				05570EE5C7FF90D580FA41A2 /* Pods-iZambomba WatchKit App.debug.xcconfig */,
				D8CCBFAC3577AF3E352B5A95 /* Pods-iZambomba WatchKit App.release.xcconfig */,
				354D3F5D91E409E685F0302D /* Pods-iZambomba WatchKit Extension.debug.xcconfig */,
				DD8FDC696499AE598E564B30 /* Pods-iZambomba WatchKit Extension.release.xcconfig */,
			);
			name = Pods;
			sourceTree = "<group>";
		};
/* End PBXGroup section */

/* Begin PBXNativeTarget section */
		3AEEB38721CD150300C7C9E3 /* iZambomba */ = {
			isa = PBXNativeTarget;
			buildConfigurationList = 3AEEB3C221CD150500C7C9E3 /* Build configuration list for PBXNativeTarget "iZambomba" */;
			buildPhases = (
				6885A4B7FDDE371F26C5F1AC /* [CP] Check Pods Manifest.lock */,
				3AEEB38421CD150300C7C9E3 /* Sources */,
				3AEEB38521CD150300C7C9E3 /* Frameworks */,
				3AEEB38621CD150300C7C9E3 /* Resources */,
				3AEEB3C121CD150500C7C9E3 /* Embed Watch Content */,
				06CAF5364895397AD4165E49 /* [CP] Embed Pods Frameworks */,
			);
			buildRules = (
			);
			dependencies = (
				3AEEB39D21CD150300C7C9E3 /* PBXTargetDependency */,
			);
			name = iZambomba;
			productName = iZambomba;
			productReference = 3AEEB38821CD150300C7C9E3 /* iZambomba.app */;
			productType = "com.apple.product-type.application";
		};
		3AEEB39921CD150300C7C9E3 /* iZambomba WatchKit App */ = {
			isa = PBXNativeTarget;
			buildConfigurationList = 3AEEB3BE21CD150500C7C9E3 /* Build configuration list for PBXNativeTarget "iZambomba WatchKit App" */;
			buildPhases = (
				A32B6AC3D988FC9A1832BAF8 /* [CP] Check Pods Manifest.lock */,
				3AEEB39821CD150300C7C9E3 /* Resources */,
				3AEEB3BD21CD150500C7C9E3 /* Embed App Extensions */,
				C90F87298CB8C47E9DF4BD8C /* Frameworks */,
			);
			buildRules = (
			);
			dependencies = (
				3AEEB3AC21CD150400C7C9E3 /* PBXTargetDependency */,
			);
			name = "iZambomba WatchKit App";
			productName = "iZambomba WatchKit App";
			productReference = 3AEEB39A21CD150300C7C9E3 /* iZambomba WatchKit App.app */;
			productType = "com.apple.product-type.application.watchapp2";
		};
		3AEEB3A821CD150400C7C9E3 /* iZambomba WatchKit Extension */ = {
			isa = PBXNativeTarget;
			buildConfigurationList = 3AEEB3BA21CD150500C7C9E3 /* Build configuration list for PBXNativeTarget "iZambomba WatchKit Extension" */;
			buildPhases = (
				2169FC613159AC6462EEA3E4 /* [CP] Check Pods Manifest.lock */,
				3AEEB3A521CD150400C7C9E3 /* Sources */,
				3AEEB3A621CD150400C7C9E3 /* Frameworks */,
				3AEEB3A721CD150400C7C9E3 /* Resources */,
			);
			buildRules = (
			);
			dependencies = (
			);
			name = "iZambomba WatchKit Extension";
			productName = "iZambomba WatchKit Extension";
			productReference = 3AEEB3A921CD150400C7C9E3 /* iZambomba WatchKit Extension.appex */;
			productType = "com.apple.product-type.watchkit2-extension";
		};
/* End PBXNativeTarget section */

/* Begin PBXProject section */
		3AEEB38021CD150200C7C9E3 /* Project object */ = {
			isa = PBXProject;
			attributes = {
				LastSwiftUpdateCheck = 1010;
				LastUpgradeCheck = 1010;
				ORGANIZATIONNAME = SingularNet;
				TargetAttributes = {
					3AEEB38721CD150300C7C9E3 = {
						CreatedOnToolsVersion = 10.1;
						SystemCapabilities = {
							com.apple.ApplicationGroups.iOS = {
								enabled = 0;
							};
							com.apple.HealthKit = {
								enabled = 1;
							};
						};
					};
					3AEEB39921CD150300C7C9E3 = {
						CreatedOnToolsVersion = 10.1;
						SystemCapabilities = {
							com.apple.ApplicationGroups.iOS = {
								enabled = 0;
							};
						};
					};
					3AEEB3A821CD150400C7C9E3 = {
						CreatedOnToolsVersion = 10.1;
						SystemCapabilities = {
							com.apple.ApplicationGroups.iOS = {
								enabled = 0;
							};
							com.apple.HealthKit.watchos = {
								enabled = 1;
							};
						};
					};
				};
			};
			buildConfigurationList = 3AEEB38321CD150200C7C9E3 /* Build configuration list for PBXProject "iZambomba" */;
			compatibilityVersion = "Xcode 9.3";
			developmentRegion = en;
			hasScannedForEncodings = 0;
			knownRegions = (
				en,
				Base,
			);
			mainGroup = 3AEEB37F21CD150200C7C9E3;
			productRefGroup = 3AEEB38921CD150300C7C9E3 /* Products */;
			projectDirPath = "";
			projectRoot = "";
			targets = (
				3AEEB38721CD150300C7C9E3 /* iZambomba */,
				3AEEB39921CD150300C7C9E3 /* iZambomba WatchKit App */,
				3AEEB3A821CD150400C7C9E3 /* iZambomba WatchKit Extension */,
			);
		};
/* End PBXProject section */

/* Begin PBXResourcesBuildPhase section */
		3AEEB38621CD150300C7C9E3 /* Resources */ = {
			isa = PBXResourcesBuildPhase;
			buildActionMask = 2147483647;
			files = (
				3AEEB39621CD150300C7C9E3 /* LaunchScreen.storyboard in Resources */,
				3AEEB39321CD150300C7C9E3 /* Assets.xcassets in Resources */,
				3AEEB39121CD150300C7C9E3 /* Main.storyboard in Resources */,
				3AD034CC21E61F3900819003 /* Lato-Light.ttf in Resources */,
				3AD034CE21E61F3900819003 /* Lato-Regular.ttf in Resources */,
				3AD034CA21E61F3900819003 /* Lato-Black.ttf in Resources */,
				3AD034C821E61F3900819003 /* Lato-Bold.ttf in Resources */,
			);
			runOnlyForDeploymentPostprocessing = 0;
		};
		3AEEB39821CD150300C7C9E3 /* Resources */ = {
			isa = PBXResourcesBuildPhase;
			buildActionMask = 2147483647;
			files = (
				3AEEB3A321CD150400C7C9E3 /* Assets.xcassets in Resources */,
				3AEEB3A121CD150300C7C9E3 /* Interface.storyboard in Resources */,
			);
			runOnlyForDeploymentPostprocessing = 0;
		};
		3AEEB3A721CD150400C7C9E3 /* Resources */ = {
			isa = PBXResourcesBuildPhase;
			buildActionMask = 2147483647;
			files = (
				3AEEB3B521CD150500C7C9E3 /* Assets.xcassets in Resources */,
				3AD034CB21E61F3900819003 /* Lato-Black.ttf in Resources */,
				3AD034CF21E61F3900819003 /* Lato-Regular.ttf in Resources */,
				3AD034C921E61F3900819003 /* Lato-Bold.ttf in Resources */,
				3AD034CD21E61F3900819003 /* Lato-Light.ttf in Resources */,
			);
			runOnlyForDeploymentPostprocessing = 0;
		};
/* End PBXResourcesBuildPhase section */

/* Begin PBXShellScriptBuildPhase section */
		06CAF5364895397AD4165E49 /* [CP] Embed Pods Frameworks */ = {
			isa = PBXShellScriptBuildPhase;
			buildActionMask = 2147483647;
			files = (
			);
			inputPaths = (
				"${SRCROOT}/Pods/Target Support Files/Pods-iZambomba/Pods-iZambomba-frameworks.sh",
				"${BUILT_PRODUCTS_DIR}/Charts/Charts.framework",
			);
			name = "[CP] Embed Pods Frameworks";
			outputPaths = (
				"${TARGET_BUILD_DIR}/${FRAMEWORKS_FOLDER_PATH}/Charts.framework",
			);
			runOnlyForDeploymentPostprocessing = 0;
			shellPath = /bin/sh;
			shellScript = "\"${SRCROOT}/Pods/Target Support Files/Pods-iZambomba/Pods-iZambomba-frameworks.sh\"\n";
			showEnvVarsInLog = 0;
		};
		2169FC613159AC6462EEA3E4 /* [CP] Check Pods Manifest.lock */ = {
			isa = PBXShellScriptBuildPhase;
			buildActionMask = 2147483647;
			files = (
			);
			inputPaths = (
				"${PODS_PODFILE_DIR_PATH}/Podfile.lock",
				"${PODS_ROOT}/Manifest.lock",
			);
			name = "[CP] Check Pods Manifest.lock";
			outputPaths = (
				"$(DERIVED_FILE_DIR)/Pods-iZambomba WatchKit Extension-checkManifestLockResult.txt",
			);
			runOnlyForDeploymentPostprocessing = 0;
			shellPath = /bin/sh;
			shellScript = "diff \"${PODS_PODFILE_DIR_PATH}/Podfile.lock\" \"${PODS_ROOT}/Manifest.lock\" > /dev/null\nif [ $? != 0 ] ; then\n    # print error to STDERR\n    echo \"error: The sandbox is not in sync with the Podfile.lock. Run 'pod install' or update your CocoaPods installation.\" >&2\n    exit 1\nfi\n# This output is used by Xcode 'outputs' to avoid re-running this script phase.\necho \"SUCCESS\" > \"${SCRIPT_OUTPUT_FILE_0}\"\n";
			showEnvVarsInLog = 0;
		};
		6885A4B7FDDE371F26C5F1AC /* [CP] Check Pods Manifest.lock */ = {
			isa = PBXShellScriptBuildPhase;
			buildActionMask = 2147483647;
			files = (
			);
			inputPaths = (
				"${PODS_PODFILE_DIR_PATH}/Podfile.lock",
				"${PODS_ROOT}/Manifest.lock",
			);
			name = "[CP] Check Pods Manifest.lock";
			outputPaths = (
				"$(DERIVED_FILE_DIR)/Pods-iZambomba-checkManifestLockResult.txt",
			);
			runOnlyForDeploymentPostprocessing = 0;
			shellPath = /bin/sh;
			shellScript = "diff \"${PODS_PODFILE_DIR_PATH}/Podfile.lock\" \"${PODS_ROOT}/Manifest.lock\" > /dev/null\nif [ $? != 0 ] ; then\n    # print error to STDERR\n    echo \"error: The sandbox is not in sync with the Podfile.lock. Run 'pod install' or update your CocoaPods installation.\" >&2\n    exit 1\nfi\n# This output is used by Xcode 'outputs' to avoid re-running this script phase.\necho \"SUCCESS\" > \"${SCRIPT_OUTPUT_FILE_0}\"\n";
			showEnvVarsInLog = 0;
		};
		A32B6AC3D988FC9A1832BAF8 /* [CP] Check Pods Manifest.lock */ = {
			isa = PBXShellScriptBuildPhase;
			buildActionMask = 2147483647;
			files = (
			);
			inputPaths = (
				"${PODS_PODFILE_DIR_PATH}/Podfile.lock",
				"${PODS_ROOT}/Manifest.lock",
			);
			name = "[CP] Check Pods Manifest.lock";
			outputPaths = (
				"$(DERIVED_FILE_DIR)/Pods-iZambomba WatchKit App-checkManifestLockResult.txt",
			);
			runOnlyForDeploymentPostprocessing = 0;
			shellPath = /bin/sh;
			shellScript = "diff \"${PODS_PODFILE_DIR_PATH}/Podfile.lock\" \"${PODS_ROOT}/Manifest.lock\" > /dev/null\nif [ $? != 0 ] ; then\n    # print error to STDERR\n    echo \"error: The sandbox is not in sync with the Podfile.lock. Run 'pod install' or update your CocoaPods installation.\" >&2\n    exit 1\nfi\n# This output is used by Xcode 'outputs' to avoid re-running this script phase.\necho \"SUCCESS\" > \"${SCRIPT_OUTPUT_FILE_0}\"\n";
			showEnvVarsInLog = 0;
		};
/* End PBXShellScriptBuildPhase section */

/* Begin PBXSourcesBuildPhase section */
		3AEEB38421CD150300C7C9E3 /* Sources */ = {
			isa = PBXSourcesBuildPhase;
			buildActionMask = 2147483647;
			files = (
				3AEEB3D021CD156500C7C9E3 /* ZambViewController.swift in Sources */,
				3AEEB3D121CD156500C7C9E3 /* MotionManager.swift in Sources */,
				3AEEB3CE21CD156500C7C9E3 /* Zamb.swift in Sources */,
				3A712DF121CD36EB00CBE815 /* AppDelegate.swift in Sources */,
				3AEEB3D221CD156500C7C9E3 /* ZambTableViewCell.swift in Sources */,
				3A17A5F321E61907000D6672 /* ZambTableViewController.swift in Sources */,
				3AEEB3CF21CD156500C7C9E3 /* NewZambViewController.swift in Sources */,
				3AB389E221D4F6BB000D1C4F /* PageViewController.swift in Sources */,
				3AEEB3D321CD156500C7C9E3 /* WorkoutManager.swift in Sources */,
			);
			runOnlyForDeploymentPostprocessing = 0;
		};
		3AEEB3A521CD150400C7C9E3 /* Sources */ = {
			isa = PBXSourcesBuildPhase;
			buildActionMask = 2147483647;
			files = (
				3AEEB3B321CD150400C7C9E3 /* NotificationController.swift in Sources */,
				3AEEB3DE21CD162500C7C9E3 /* InterfaceController.swift in Sources */,
				3AEEB3D721CD158200C7C9E3 /* MotionManager.swift in Sources */,
				3AEEB3DD21CD162500C7C9E3 /* WKZambRowController.swift in Sources */,
				3AEEB3DF21CD162500C7C9E3 /* FirstInterfaceController.swift in Sources */,
				3AEEB3B121CD150400C7C9E3 /* ExtensionDelegate.swift in Sources */,
				3AEEB3D621CD157F00C7C9E3 /* WorkoutManager.swift in Sources */,
				3AEEB3D521CD156800C7C9E3 /* Zamb.swift in Sources */,
				3AEEB3DC21CD162500C7C9E3 /* WKZambListInterfaceController.swift in Sources */,
			);
			runOnlyForDeploymentPostprocessing = 0;
		};
/* End PBXSourcesBuildPhase section */

/* Begin PBXTargetDependency section */
		3AEEB39D21CD150300C7C9E3 /* PBXTargetDependency */ = {
			isa = PBXTargetDependency;
			target = 3AEEB39921CD150300C7C9E3 /* iZambomba WatchKit App */;
			targetProxy = 3AEEB39C21CD150300C7C9E3 /* PBXContainerItemProxy */;
		};
		3AEEB3AC21CD150400C7C9E3 /* PBXTargetDependency */ = {
			isa = PBXTargetDependency;
			target = 3AEEB3A821CD150400C7C9E3 /* iZambomba WatchKit Extension */;
			targetProxy = 3AEEB3AB21CD150400C7C9E3 /* PBXContainerItemProxy */;
		};
/* End PBXTargetDependency section */

/* Begin PBXVariantGroup section */
		3AEEB38F21CD150300C7C9E3 /* Main.storyboard */ = {
			isa = PBXVariantGroup;
			children = (
				3AEEB39021CD150300C7C9E3 /* Base */,
			);
			name = Main.storyboard;
			sourceTree = "<group>";
		};
		3AEEB39421CD150300C7C9E3 /* LaunchScreen.storyboard */ = {
			isa = PBXVariantGroup;
			children = (
				3AEEB39521CD150300C7C9E3 /* Base */,
			);
			name = LaunchScreen.storyboard;
			sourceTree = "<group>";
		};
		3AEEB39F21CD150300C7C9E3 /* Interface.storyboard */ = {
			isa = PBXVariantGroup;
			children = (
				3AEEB3A021CD150300C7C9E3 /* Base */,
			);
			name = Interface.storyboard;
			sourceTree = "<group>";
		};
/* End PBXVariantGroup section */

/* Begin XCBuildConfiguration section */
		3AEEB3B821CD150500C7C9E3 /* Debug */ = {
			isa = XCBuildConfiguration;
			buildSettings = {
				ALWAYS_SEARCH_USER_PATHS = NO;
				CLANG_ANALYZER_NONNULL = YES;
				CLANG_ANALYZER_NUMBER_OBJECT_CONVERSION = YES_AGGRESSIVE;
				CLANG_CXX_LANGUAGE_STANDARD = "gnu++14";
				CLANG_CXX_LIBRARY = "libc++";
				CLANG_ENABLE_MODULES = YES;
				CLANG_ENABLE_OBJC_ARC = YES;
				CLANG_ENABLE_OBJC_WEAK = YES;
				CLANG_WARN_BLOCK_CAPTURE_AUTORELEASING = YES;
				CLANG_WARN_BOOL_CONVERSION = YES;
				CLANG_WARN_COMMA = YES;
				CLANG_WARN_CONSTANT_CONVERSION = YES;
				CLANG_WARN_DEPRECATED_OBJC_IMPLEMENTATIONS = YES;
				CLANG_WARN_DIRECT_OBJC_ISA_USAGE = YES_ERROR;
				CLANG_WARN_DOCUMENTATION_COMMENTS = YES;
				CLANG_WARN_EMPTY_BODY = YES;
				CLANG_WARN_ENUM_CONVERSION = YES;
				CLANG_WARN_INFINITE_RECURSION = YES;
				CLANG_WARN_INT_CONVERSION = YES;
				CLANG_WARN_NON_LITERAL_NULL_CONVERSION = YES;
				CLANG_WARN_OBJC_IMPLICIT_RETAIN_SELF = YES;
				CLANG_WARN_OBJC_LITERAL_CONVERSION = YES;
				CLANG_WARN_OBJC_ROOT_CLASS = YES_ERROR;
				CLANG_WARN_RANGE_LOOP_ANALYSIS = YES;
				CLANG_WARN_STRICT_PROTOTYPES = YES;
				CLANG_WARN_SUSPICIOUS_MOVE = YES;
				CLANG_WARN_UNGUARDED_AVAILABILITY = YES_AGGRESSIVE;
				CLANG_WARN_UNREACHABLE_CODE = YES;
				CLANG_WARN__DUPLICATE_METHOD_MATCH = YES;
				CODE_SIGN_IDENTITY = "iPhone Developer";
				COPY_PHASE_STRIP = NO;
				DEBUG_INFORMATION_FORMAT = dwarf;
				ENABLE_STRICT_OBJC_MSGSEND = YES;
				ENABLE_TESTABILITY = YES;
				GCC_C_LANGUAGE_STANDARD = gnu11;
				GCC_DYNAMIC_NO_PIC = NO;
				GCC_NO_COMMON_BLOCKS = YES;
				GCC_OPTIMIZATION_LEVEL = 0;
				GCC_PREPROCESSOR_DEFINITIONS = (
					"DEBUG=1",
					"$(inherited)",
				);
				GCC_WARN_64_TO_32_BIT_CONVERSION = YES;
				GCC_WARN_ABOUT_RETURN_TYPE = YES_ERROR;
				GCC_WARN_UNDECLARED_SELECTOR = YES;
				GCC_WARN_UNINITIALIZED_AUTOS = YES_AGGRESSIVE;
				GCC_WARN_UNUSED_FUNCTION = YES;
				GCC_WARN_UNUSED_VARIABLE = YES;
				IPHONEOS_DEPLOYMENT_TARGET = 12.1;
				MTL_ENABLE_DEBUG_INFO = INCLUDE_SOURCE;
				MTL_FAST_MATH = YES;
				ONLY_ACTIVE_ARCH = YES;
				SDKROOT = iphoneos;
				SWIFT_ACTIVE_COMPILATION_CONDITIONS = DEBUG;
				SWIFT_OPTIMIZATION_LEVEL = "-Onone";
			};
			name = Debug;
		};
		3AEEB3B921CD150500C7C9E3 /* Release */ = {
			isa = XCBuildConfiguration;
			buildSettings = {
				ALWAYS_SEARCH_USER_PATHS = NO;
				CLANG_ANALYZER_NONNULL = YES;
				CLANG_ANALYZER_NUMBER_OBJECT_CONVERSION = YES_AGGRESSIVE;
				CLANG_CXX_LANGUAGE_STANDARD = "gnu++14";
				CLANG_CXX_LIBRARY = "libc++";
				CLANG_ENABLE_MODULES = YES;
				CLANG_ENABLE_OBJC_ARC = YES;
				CLANG_ENABLE_OBJC_WEAK = YES;
				CLANG_WARN_BLOCK_CAPTURE_AUTORELEASING = YES;
				CLANG_WARN_BOOL_CONVERSION = YES;
				CLANG_WARN_COMMA = YES;
				CLANG_WARN_CONSTANT_CONVERSION = YES;
				CLANG_WARN_DEPRECATED_OBJC_IMPLEMENTATIONS = YES;
				CLANG_WARN_DIRECT_OBJC_ISA_USAGE = YES_ERROR;
				CLANG_WARN_DOCUMENTATION_COMMENTS = YES;
				CLANG_WARN_EMPTY_BODY = YES;
				CLANG_WARN_ENUM_CONVERSION = YES;
				CLANG_WARN_INFINITE_RECURSION = YES;
				CLANG_WARN_INT_CONVERSION = YES;
				CLANG_WARN_NON_LITERAL_NULL_CONVERSION = YES;
				CLANG_WARN_OBJC_IMPLICIT_RETAIN_SELF = YES;
				CLANG_WARN_OBJC_LITERAL_CONVERSION = YES;
				CLANG_WARN_OBJC_ROOT_CLASS = YES_ERROR;
				CLANG_WARN_RANGE_LOOP_ANALYSIS = YES;
				CLANG_WARN_STRICT_PROTOTYPES = YES;
				CLANG_WARN_SUSPICIOUS_MOVE = YES;
				CLANG_WARN_UNGUARDED_AVAILABILITY = YES_AGGRESSIVE;
				CLANG_WARN_UNREACHABLE_CODE = YES;
				CLANG_WARN__DUPLICATE_METHOD_MATCH = YES;
				CODE_SIGN_IDENTITY = "iPhone Developer";
				COPY_PHASE_STRIP = NO;
				DEBUG_INFORMATION_FORMAT = "dwarf-with-dsym";
				ENABLE_NS_ASSERTIONS = NO;
				ENABLE_STRICT_OBJC_MSGSEND = YES;
				GCC_C_LANGUAGE_STANDARD = gnu11;
				GCC_NO_COMMON_BLOCKS = YES;
				GCC_WARN_64_TO_32_BIT_CONVERSION = YES;
				GCC_WARN_ABOUT_RETURN_TYPE = YES_ERROR;
				GCC_WARN_UNDECLARED_SELECTOR = YES;
				GCC_WARN_UNINITIALIZED_AUTOS = YES_AGGRESSIVE;
				GCC_WARN_UNUSED_FUNCTION = YES;
				GCC_WARN_UNUSED_VARIABLE = YES;
				IPHONEOS_DEPLOYMENT_TARGET = 12.1;
				MTL_ENABLE_DEBUG_INFO = NO;
				MTL_FAST_MATH = YES;
				SDKROOT = iphoneos;
				SWIFT_COMPILATION_MODE = wholemodule;
				SWIFT_OPTIMIZATION_LEVEL = "-O";
				VALIDATE_PRODUCT = YES;
			};
			name = Release;
		};
		3AEEB3BB21CD150500C7C9E3 /* Debug */ = {
			isa = XCBuildConfiguration;
			baseConfigurationReference = 354D3F5D91E409E685F0302D /* Pods-iZambomba WatchKit Extension.debug.xcconfig */;
			buildSettings = {
				ASSETCATALOG_COMPILER_COMPLICATION_NAME = Complication;
				CODE_SIGN_ENTITLEMENTS = "iZambomba WatchKit Extension/iZambomba WatchKit Extension.entitlements";
				CODE_SIGN_STYLE = Automatic;
				DEVELOPMENT_TEAM = WEL27HMZ9Z;
				INFOPLIST_FILE = "iZambomba WatchKit Extension/Info.plist";
				LD_RUNPATH_SEARCH_PATHS = (
					"$(inherited)",
					"@executable_path/Frameworks",
					"@executable_path/../../Frameworks",
				);
				PRODUCT_BUNDLE_IDENTIFIER = com.singularfactory.ent.iZambomba.watchkitapp.watchkitextension;
				PRODUCT_NAME = "${TARGET_NAME}";
				SDKROOT = watchos;
				SKIP_INSTALL = YES;
				SWIFT_VERSION = 4.2;
				TARGETED_DEVICE_FAMILY = 4;
				WATCHOS_DEPLOYMENT_TARGET = 5.1;
			};
			name = Debug;
		};
		3AEEB3BC21CD150500C7C9E3 /* Release */ = {
			isa = XCBuildConfiguration;
			baseConfigurationReference = DD8FDC696499AE598E564B30 /* Pods-iZambomba WatchKit Extension.release.xcconfig */;
			buildSettings = {
				ASSETCATALOG_COMPILER_COMPLICATION_NAME = Complication;
				CODE_SIGN_ENTITLEMENTS = "iZambomba WatchKit Extension/iZambomba WatchKit Extension.entitlements";
				CODE_SIGN_STYLE = Automatic;
				DEVELOPMENT_TEAM = WEL27HMZ9Z;
				INFOPLIST_FILE = "iZambomba WatchKit Extension/Info.plist";
				LD_RUNPATH_SEARCH_PATHS = (
					"$(inherited)",
					"@executable_path/Frameworks",
					"@executable_path/../../Frameworks",
				);
				PRODUCT_BUNDLE_IDENTIFIER = com.singularfactory.ent.iZambomba.watchkitapp.watchkitextension;
				PRODUCT_NAME = "${TARGET_NAME}";
				SDKROOT = watchos;
				SKIP_INSTALL = YES;
				SWIFT_VERSION = 4.2;
				TARGETED_DEVICE_FAMILY = 4;
				WATCHOS_DEPLOYMENT_TARGET = 5.1;
			};
			name = Release;
		};
		3AEEB3BF21CD150500C7C9E3 /* Debug */ = {
			isa = XCBuildConfiguration;
			baseConfigurationReference = 05570EE5C7FF90D580FA41A2 /* Pods-iZambomba WatchKit App.debug.xcconfig */;
			buildSettings = {
				ALWAYS_EMBED_SWIFT_STANDARD_LIBRARIES = YES;
				ASSETCATALOG_COMPILER_APPICON_NAME = AppIcon;
				CODE_SIGN_STYLE = Automatic;
				DEVELOPMENT_TEAM = WEL27HMZ9Z;
				IBSC_MODULE = iZambomba_WatchKit_Extension;
				INFOPLIST_FILE = "iZambomba WatchKit App/Info.plist";
				PRODUCT_BUNDLE_IDENTIFIER = com.singularfactory.ent.iZambomba.watchkitapp;
				PRODUCT_NAME = "$(TARGET_NAME)";
				SDKROOT = watchos;
				SKIP_INSTALL = YES;
				SWIFT_VERSION = 4.2;
				TARGETED_DEVICE_FAMILY = 4;
				WATCHOS_DEPLOYMENT_TARGET = 5.1;
			};
			name = Debug;
		};
		3AEEB3C021CD150500C7C9E3 /* Release */ = {
			isa = XCBuildConfiguration;
			baseConfigurationReference = D8CCBFAC3577AF3E352B5A95 /* Pods-iZambomba WatchKit App.release.xcconfig */;
			buildSettings = {
				ALWAYS_EMBED_SWIFT_STANDARD_LIBRARIES = YES;
				ASSETCATALOG_COMPILER_APPICON_NAME = AppIcon;
				CODE_SIGN_STYLE = Automatic;
				DEVELOPMENT_TEAM = WEL27HMZ9Z;
				IBSC_MODULE = iZambomba_WatchKit_Extension;
				INFOPLIST_FILE = "iZambomba WatchKit App/Info.plist";
				PRODUCT_BUNDLE_IDENTIFIER = com.singularfactory.ent.iZambomba.watchkitapp;
				PRODUCT_NAME = "$(TARGET_NAME)";
				SDKROOT = watchos;
				SKIP_INSTALL = YES;
				SWIFT_VERSION = 4.2;
				TARGETED_DEVICE_FAMILY = 4;
				WATCHOS_DEPLOYMENT_TARGET = 5.1;
			};
			name = Release;
		};
		3AEEB3C321CD150500C7C9E3 /* Debug */ = {
			isa = XCBuildConfiguration;
			baseConfigurationReference = 0E8FBF2742DD394390061970 /* Pods-iZambomba.debug.xcconfig */;
			buildSettings = {
				ASSETCATALOG_COMPILER_APPICON_NAME = AppIcon;
				CODE_SIGN_ENTITLEMENTS = iZambomba/iZambomba.entitlements;
				CODE_SIGN_STYLE = Automatic;
				DEVELOPMENT_TEAM = WEL27HMZ9Z;
				INFOPLIST_FILE = iZambomba/Info.plist;
				LD_RUNPATH_SEARCH_PATHS = (
					"$(inherited)",
					"@executable_path/Frameworks",
				);
				PRODUCT_BUNDLE_IDENTIFIER = com.singularfactory.ent.iZambomba;
				PRODUCT_NAME = "$(TARGET_NAME)";
				SWIFT_VERSION = 4.2;
				TARGETED_DEVICE_FAMILY = "1,2";
			};
			name = Debug;
		};
		3AEEB3C421CD150500C7C9E3 /* Release */ = {
			isa = XCBuildConfiguration;
			baseConfigurationReference = A0D667AA43D42881A16B9576 /* Pods-iZambomba.release.xcconfig */;
			buildSettings = {
				ASSETCATALOG_COMPILER_APPICON_NAME = AppIcon;
				CODE_SIGN_ENTITLEMENTS = iZambomba/iZambomba.entitlements;
				CODE_SIGN_STYLE = Automatic;
				DEVELOPMENT_TEAM = WEL27HMZ9Z;
				INFOPLIST_FILE = iZambomba/Info.plist;
				LD_RUNPATH_SEARCH_PATHS = (
					"$(inherited)",
					"@executable_path/Frameworks",
				);
				PRODUCT_BUNDLE_IDENTIFIER = com.singularfactory.ent.iZambomba;
				PRODUCT_NAME = "$(TARGET_NAME)";
				SWIFT_VERSION = 4.2;
				TARGETED_DEVICE_FAMILY = "1,2";
			};
			name = Release;
		};
/* End XCBuildConfiguration section */

/* Begin XCConfigurationList section */
		3AEEB38321CD150200C7C9E3 /* Build configuration list for PBXProject "iZambomba" */ = {
			isa = XCConfigurationList;
			buildConfigurations = (
				3AEEB3B821CD150500C7C9E3 /* Debug */,
				3AEEB3B921CD150500C7C9E3 /* Release */,
			);
			defaultConfigurationIsVisible = 0;
			defaultConfigurationName = Release;
		};
		3AEEB3BA21CD150500C7C9E3 /* Build configuration list for PBXNativeTarget "iZambomba WatchKit Extension" */ = {
			isa = XCConfigurationList;
			buildConfigurations = (
				3AEEB3BB21CD150500C7C9E3 /* Debug */,
				3AEEB3BC21CD150500C7C9E3 /* Release */,
			);
			defaultConfigurationIsVisible = 0;
			defaultConfigurationName = Release;
		};
		3AEEB3BE21CD150500C7C9E3 /* Build configuration list for PBXNativeTarget "iZambomba WatchKit App" */ = {
			isa = XCConfigurationList;
			buildConfigurations = (
				3AEEB3BF21CD150500C7C9E3 /* Debug */,
				3AEEB3C021CD150500C7C9E3 /* Release */,
			);
			defaultConfigurationIsVisible = 0;
			defaultConfigurationName = Release;
		};
		3AEEB3C221CD150500C7C9E3 /* Build configuration list for PBXNativeTarget "iZambomba" */ = {
			isa = XCConfigurationList;
			buildConfigurations = (
				3AEEB3C321CD150500C7C9E3 /* Debug */,
				3AEEB3C421CD150500C7C9E3 /* Release */,
			);
			defaultConfigurationIsVisible = 0;
			defaultConfigurationName = Release;
		};
/* End XCConfigurationList section */
	};
	rootObject = 3AEEB38021CD150200C7C9E3 /* Project object */;
}
